
Microsoft Visual Studio Solution File, Format Version 12.00
# Visual Studio 14
VisualStudioVersion = 14.0.25420.1
MinimumVisualStudioVersion = 10.0.40219.1
Project("{FAE04EC0-301F-11D3-BF4B-00C04F79EFBC}") = "NegoShoePH.Common", "NegoShoePH.Common\NegoShoePH.Common.csproj", "{FF4B53B9-79A6-40CB-AE59-8A1E3154E8E2}"
EndProject
Project("{FAE04EC0-301F-11D3-BF4B-00C04F79EFBC}") = "NegoShoePH.Data", "NegoShoePH.Data\NegoShoePH.Data.csproj", "{96FE96C0-34FB-4263-A81B-7A83B21BF8ED}"
EndProject
Project("{FAE04EC0-301F-11D3-BF4B-00C04F79EFBC}") = "NegoShoePH.Entity", "NegoShoePH.Entity\NegoShoePH.Entity.csproj", "{22D3E56F-603B-425B-990B-0DB508C613EA}"
EndProject
Project("{FAE04EC0-301F-11D3-BF4B-00C04F79EFBC}") = "NegoShoePH.DataTest", "NegoShoePH.DataTest\NegoShoePH.DataTest.csproj", "{CFF916CA-3675-4071-9C64-0490104FCF7C}"
EndProject
Project("{FAE04EC0-301F-11D3-BF4B-00C04F79EFBC}") = "NegoshoeInventory.Web.Mvc", "NegoshoeInventory.Web.Mvc\NegoshoeInventory.Web.Mvc.csproj", "{405BC0E8-3467-4407-AE03-8F4BBBAE1521}"
EndProject
Project("{FAE04EC0-301F-11D3-BF4B-00C04F79EFBC}") = "ImageResizer", "ImageResizer\ImageResizer.csproj", "{435E08CA-CE1C-4400-838E-9F2E31008016}"
EndProject
Project("{FAE04EC0-301F-11D3-BF4B-00C04F79EFBC}") = "Importer", "Importer\Importer.csproj", "{4DEC2961-6EE6-4947-994A-6B28F48D690C}"
EndProject
Global
	GlobalSection(SolutionConfigurationPlatforms) = preSolution
		Debug|Any CPU = Debug|Any CPU
		Release|Any CPU = Release|Any CPU
	EndGlobalSection
	GlobalSection(ProjectConfigurationPlatforms) = postSolution
		{FF4B53B9-79A6-40CB-AE59-8A1E3154E8E2}.Debug|Any CPU.ActiveCfg = Debug|Any CPU
		{FF4B53B9-79A6-40CB-AE59-8A1E3154E8E2}.Debug|Any CPU.Build.0 = Debug|Any CPU
		{FF4B53B9-79A6-40CB-AE59-8A1E3154E8E2}.Release|Any CPU.ActiveCfg = Release|Any CPU
		{FF4B53B9-79A6-40CB-AE59-8A1E3154E8E2}.Release|Any CPU.Build.0 = Release|Any CPU
		{96FE96C0-34FB-4263-A81B-7A83B21BF8ED}.Debug|Any CPU.ActiveCfg = Debug|Any CPU
		{96FE96C0-34FB-4263-A81B-7A83B21BF8ED}.Debug|Any CPU.Build.0 = Debug|Any CPU
		{96FE96C0-34FB-4263-A81B-7A83B21BF8ED}.Release|Any CPU.ActiveCfg = Release|Any CPU
		{96FE96C0-34FB-4263-A81B-7A83B21BF8ED}.Release|Any CPU.Build.0 = Release|Any CPU
		{22D3E56F-603B-425B-990B-0DB508C613EA}.Debug|Any CPU.ActiveCfg = Debug|Any CPU
		{22D3E56F-603B-425B-990B-0DB508C613EA}.Debug|Any CPU.Build.0 = Debug|Any CPU
		{22D3E56F-603B-425B-990B-0DB508C613EA}.Release|Any CPU.ActiveCfg = Release|Any CPU
		{22D3E56F-603B-425B-990B-0DB508C613EA}.Release|Any CPU.Build.0 = Release|Any CPU
		{CFF916CA-3675-4071-9C64-0490104FCF7C}.Debug|Any CPU.ActiveCfg = Debug|Any CPU
		{CFF916CA-3675-4071-9C64-0490104FCF7C}.Debug|Any CPU.Build.0 = Debug|Any CPU
		{CFF916CA-3675-4071-9C64-0490104FCF7C}.Release|Any CPU.ActiveCfg = Release|Any CPU
		{CFF916CA-3675-4071-9C64-0490104FCF7C}.Release|Any CPU.Build.0 = Release|Any CPU
		{405BC0E8-3467-4407-AE03-8F4BBBAE1521}.Debug|Any CPU.ActiveCfg = Debug|Any CPU
		{405BC0E8-3467-4407-AE03-8F4BBBAE1521}.Debug|Any CPU.Build.0 = Debug|Any CPU
		{405BC0E8-3467-4407-AE03-8F4BBBAE1521}.Release|Any CPU.ActiveCfg = Release|Any CPU
		{405BC0E8-3467-4407-AE03-8F4BBBAE1521}.Release|Any CPU.Build.0 = Release|Any CPU
		{435E08CA-CE1C-4400-838E-9F2E31008016}.Debug|Any CPU.ActiveCfg = Debug|Any CPU
		{435E08CA-CE1C-4400-838E-9F2E31008016}.Debug|Any CPU.Build.0 = Debug|Any CPU
		{435E08CA-CE1C-4400-838E-9F2E31008016}.Release|Any CPU.ActiveCfg = Release|Any CPU
		{435E08CA-CE1C-4400-838E-9F2E31008016}.Release|Any CPU.Build.0 = Release|Any CPU
		{4DEC2961-6EE6-4947-994A-6B28F48D690C}.Debug|Any CPU.ActiveCfg = Debug|Any CPU
		{4DEC2961-6EE6-4947-994A-6B28F48D690C}.Debug|Any CPU.Build.0 = Debug|Any CPU
		{4DEC2961-6EE6-4947-994A-6B28F48D690C}.Release|Any CPU.ActiveCfg = Release|Any CPU
		{4DEC2961-6EE6-4947-994A-6B28F48D690C}.Release|Any CPU.Build.0 = Release|Any CPU
	EndGlobalSection
	GlobalSection(SolutionProperties) = preSolution
		HideSolutionNode = FALSE
	EndGlobalSection
EndGlobal
